// !$*UTF8*$!
{
	archiveVersion = 1;
	classes = {
	};
	objectVersion = 55;
	objects = {

/* Begin PBXBuildFile section */
		69F0552B28CF6DDA00B85B39 /* MyLibrary.swift in Sources */ = {isa = PBXBuildFile; fileRef = 69F0551E28CF6CBA00B85B39 /* MyLibrary.swift */; };
		69F0553328CF6EA500B85B39 /* AppDelegate.swift in Sources */ = {isa = PBXBuildFile; fileRef = 69F0553228CF6EA500B85B39 /* AppDelegate.swift */; };
		69F0553C28CF6EA700B85B39 /* Assets.xcassets in Resources */ = {isa = PBXBuildFile; fileRef = 69F0553B28CF6EA700B85B39 /* Assets.xcassets */; };
		69F0553F28CF6EA700B85B39 /* LaunchScreen.storyboard in Resources */ = {isa = PBXBuildFile; fileRef = 69F0553D28CF6EA700B85B39 /* LaunchScreen.storyboard */; };
		69F0554528CF6F0C00B85B39 /* MyLibrary.framework in Frameworks */ = {isa = PBXBuildFile; fileRef = 69F0552428CF6CFD00B85B39 /* MyLibrary.framework */; };
		69F0554D28CF6FE700B85B39 /* MyLibraryTests.swift in Sources */ = {isa = PBXBuildFile; fileRef = 69F0554C28CF6FE700B85B39 /* MyLibraryTests.swift */; };
		69F0554E28CF6FE700B85B39 /* MyLibrary.framework in Frameworks */ = {isa = PBXBuildFile; fileRef = 69F0552428CF6CFD00B85B39 /* MyLibrary.framework */; platformFilter = ios; };
		69F0555B28CF70AE00B85B39 /* MyLibraryUITests.swift in Sources */ = {isa = PBXBuildFile; fileRef = 69F0555A28CF70AE00B85B39 /* MyLibraryUITests.swift */; };
		69F0555D28CF70AE00B85B39 /* MyLibraryUITestsLaunchTests.swift in Sources */ = {isa = PBXBuildFile; fileRef = 69F0555C28CF70AE00B85B39 /* MyLibraryUITestsLaunchTests.swift */; };
/* End PBXBuildFile section */

/* Begin PBXContainerItemProxy section */
		69F0554F28CF6FE700B85B39 /* PBXContainerItemProxy */ = {
			isa = PBXContainerItemProxy;
			containerPortal = 69F054F828CF6AAA00B85B39 /* Project object */;
			proxyType = 1;
			remoteGlobalIDString = 69F0552328CF6CFD00B85B39;
			remoteInfo = MyLibrary;
		};
		69F0555E28CF70AE00B85B39 /* PBXContainerItemProxy */ = {
			isa = PBXContainerItemProxy;
			containerPortal = 69F054F828CF6AAA00B85B39 /* Project object */;
			proxyType = 1;
			remoteGlobalIDString = 69F0552F28CF6EA500B85B39;
			remoteInfo = MyLibrarySampleApp;
		};
/* End PBXContainerItemProxy section */

/* Begin PBXFileReference section */
		69F0551728CF6CB900B85B39 /* Package.swift */ = {isa = PBXFileReference; lastKnownFileType = sourcecode.swift; path = Package.swift; sourceTree = "<group>"; };
		69F0551828CF6CB900B85B39 /* README.md */ = {isa = PBXFileReference; lastKnownFileType = net.daringfireball.markdown; path = README.md; sourceTree = "<group>"; };
		69F0551E28CF6CBA00B85B39 /* MyLibrary.swift */ = {isa = PBXFileReference; lastKnownFileType = sourcecode.swift; path = MyLibrary.swift; sourceTree = "<group>"; };
		69F0552428CF6CFD00B85B39 /* MyLibrary.framework */ = {isa = PBXFileReference; explicitFileType = wrapper.framework; includeInIndex = 0; path = MyLibrary.framework; sourceTree = BUILT_PRODUCTS_DIR; };
		69F0553028CF6EA500B85B39 /* MyLibrarySampleApp.app */ = {isa = PBXFileReference; explicitFileType = wrapper.application; includeInIndex = 0; path = MyLibrarySampleApp.app; sourceTree = BUILT_PRODUCTS_DIR; };
		69F0553228CF6EA500B85B39 /* AppDelegate.swift */ = {isa = PBXFileReference; lastKnownFileType = sourcecode.swift; path = AppDelegate.swift; sourceTree = "<group>"; };
		69F0553B28CF6EA700B85B39 /* Assets.xcassets */ = {isa = PBXFileReference; lastKnownFileType = folder.assetcatalog; path = Assets.xcassets; sourceTree = "<group>"; };
		69F0553E28CF6EA700B85B39 /* Base */ = {isa = PBXFileReference; lastKnownFileType = file.storyboard; name = Base; path = Base.lproj/LaunchScreen.storyboard; sourceTree = "<group>"; };
		69F0554028CF6EA700B85B39 /* Info.plist */ = {isa = PBXFileReference; lastKnownFileType = text.plist.xml; path = Info.plist; sourceTree = "<group>"; };
		69F0554A28CF6FE700B85B39 /* MyLibraryTests.xctest */ = {isa = PBXFileReference; explicitFileType = wrapper.cfbundle; includeInIndex = 0; path = MyLibraryTests.xctest; sourceTree = BUILT_PRODUCTS_DIR; };
		69F0554C28CF6FE700B85B39 /* MyLibraryTests.swift */ = {isa = PBXFileReference; lastKnownFileType = sourcecode.swift; path = MyLibraryTests.swift; sourceTree = "<group>"; };
		69F0555828CF70AE00B85B39 /* MyLibraryUITests.xctest */ = {isa = PBXFileReference; explicitFileType = wrapper.cfbundle; includeInIndex = 0; path = MyLibraryUITests.xctest; sourceTree = BUILT_PRODUCTS_DIR; };
		69F0555A28CF70AE00B85B39 /* MyLibraryUITests.swift */ = {isa = PBXFileReference; lastKnownFileType = sourcecode.swift; path = MyLibraryUITests.swift; sourceTree = "<group>"; };
		69F0555C28CF70AE00B85B39 /* MyLibraryUITestsLaunchTests.swift */ = {isa = PBXFileReference; lastKnownFileType = sourcecode.swift; path = MyLibraryUITestsLaunchTests.swift; sourceTree = "<group>"; };
/* End PBXFileReference section */

/* Begin PBXFrameworksBuildPhase section */
		69F0552128CF6CFD00B85B39 /* Frameworks */ = {
			isa = PBXFrameworksBuildPhase;
			buildActionMask = 2147483647;
			files = (
			);
			runOnlyForDeploymentPostprocessing = 0;
		};
		69F0552D28CF6EA500B85B39 /* Frameworks */ = {
			isa = PBXFrameworksBuildPhase;
			buildActionMask = 2147483647;
			files = (
				69F0554528CF6F0C00B85B39 /* MyLibrary.framework in Frameworks */,
			);
			runOnlyForDeploymentPostprocessing = 0;
		};
		69F0554728CF6FE700B85B39 /* Frameworks */ = {
			isa = PBXFrameworksBuildPhase;
			buildActionMask = 2147483647;
			files = (
				69F0554E28CF6FE700B85B39 /* MyLibrary.framework in Frameworks */,
			);
			runOnlyForDeploymentPostprocessing = 0;
		};
		69F0555528CF70AE00B85B39 /* Frameworks */ = {
			isa = PBXFrameworksBuildPhase;
			buildActionMask = 2147483647;
			files = (
			);
			runOnlyForDeploymentPostprocessing = 0;
		};
/* End PBXFrameworksBuildPhase section */

/* Begin PBXGroup section */
		69F054F728CF6AAA00B85B39 = {
			isa = PBXGroup;
			children = (
				69F0551728CF6CB900B85B39 /* Package.swift */,
				69F0551828CF6CB900B85B39 /* README.md */,
				69F0552528CF6CFD00B85B39 /* MyLibrary */,
				69F0553128CF6EA500B85B39 /* MyLibrarySampleApp */,
				69F0554B28CF6FE700B85B39 /* MyLibraryTests */,
				69F0555928CF70AE00B85B39 /* MyLibraryUITests */,
				69F0550128CF6AAA00B85B39 /* Products */,
				69F0554428CF6F0C00B85B39 /* Frameworks */,
			);
			sourceTree = "<group>";
		};
		69F0550128CF6AAA00B85B39 /* Products */ = {
			isa = PBXGroup;
			children = (
				69F0552428CF6CFD00B85B39 /* MyLibrary.framework */,
				69F0553028CF6EA500B85B39 /* MyLibrarySampleApp.app */,
				69F0554A28CF6FE700B85B39 /* MyLibraryTests.xctest */,
				69F0555828CF70AE00B85B39 /* MyLibraryUITests.xctest */,
			);
			name = Products;
			sourceTree = "<group>";
		};
		69F0551C28CF6CBA00B85B39 /* Sources */ = {
			isa = PBXGroup;
			children = (
				69F0551E28CF6CBA00B85B39 /* MyLibrary.swift */,
			);
			path = Sources;
			sourceTree = "<group>";
		};
		69F0552528CF6CFD00B85B39 /* MyLibrary */ = {
			isa = PBXGroup;
			children = (
				69F0551C28CF6CBA00B85B39 /* Sources */,
			);
			path = MyLibrary;
			sourceTree = "<group>";
		};
		69F0553128CF6EA500B85B39 /* MyLibrarySampleApp */ = {
			isa = PBXGroup;
			children = (
				69F0553228CF6EA500B85B39 /* AppDelegate.swift */,
				69F0553B28CF6EA700B85B39 /* Assets.xcassets */,
				69F0553D28CF6EA700B85B39 /* LaunchScreen.storyboard */,
				69F0554028CF6EA700B85B39 /* Info.plist */,
			);
			path = MyLibrarySampleApp;
			sourceTree = "<group>";
		};
		69F0554428CF6F0C00B85B39 /* Frameworks */ = {
			isa = PBXGroup;
			children = (
			);
			name = Frameworks;
			sourceTree = "<group>";
		};
		69F0554B28CF6FE700B85B39 /* MyLibraryTests */ = {
			isa = PBXGroup;
			children = (
				69F0554C28CF6FE700B85B39 /* MyLibraryTests.swift */,
			);
			path = MyLibraryTests;
			sourceTree = "<group>";
		};
		69F0555928CF70AE00B85B39 /* MyLibraryUITests */ = {
			isa = PBXGroup;
			children = (
				69F0555A28CF70AE00B85B39 /* MyLibraryUITests.swift */,
				69F0555C28CF70AE00B85B39 /* MyLibraryUITestsLaunchTests.swift */,
			);
			path = MyLibraryUITests;
			sourceTree = "<group>";
		};
/* End PBXGroup section */

/* Begin PBXHeadersBuildPhase section */
		69F0551F28CF6CFD00B85B39 /* Headers */ = {
			isa = PBXHeadersBuildPhase;
			buildActionMask = 2147483647;
			files = (
			);
			runOnlyForDeploymentPostprocessing = 0;
		};
/* End PBXHeadersBuildPhase section */

/* Begin PBXNativeTarget section */
		69F0552328CF6CFD00B85B39 /* MyLibrary */ = {
			isa = PBXNativeTarget;
			buildConfigurationList = 69F0552828CF6CFD00B85B39 /* Build configuration list for PBXNativeTarget "MyLibrary" */;
			buildPhases = (
				69F0551F28CF6CFD00B85B39 /* Headers */,
				69F0552028CF6CFD00B85B39 /* Sources */,
				69F0552128CF6CFD00B85B39 /* Frameworks */,
				69F0552228CF6CFD00B85B39 /* Resources */,
			);
			buildRules = (
			);
			dependencies = (
			);
			name = MyLibrary;
			productName = MyLibrary;
			productReference = 69F0552428CF6CFD00B85B39 /* MyLibrary.framework */;
			productType = "com.apple.product-type.framework";
		};
		69F0552F28CF6EA500B85B39 /* MyLibrarySampleApp */ = {
			isa = PBXNativeTarget;
			buildConfigurationList = 69F0554128CF6EA700B85B39 /* Build configuration list for PBXNativeTarget "MyLibrarySampleApp" */;
			buildPhases = (
				69F0552C28CF6EA500B85B39 /* Sources */,
				69F0552D28CF6EA500B85B39 /* Frameworks */,
				69F0552E28CF6EA500B85B39 /* Resources */,
			);
			buildRules = (
			);
			dependencies = (
			);
			name = MyLibrarySampleApp;
			productName = MyLibrarySampleApp;
			productReference = 69F0553028CF6EA500B85B39 /* MyLibrarySampleApp.app */;
			productType = "com.apple.product-type.application";
		};
		69F0554928CF6FE700B85B39 /* MyLibraryTests */ = {
			isa = PBXNativeTarget;
			buildConfigurationList = 69F0555128CF6FE700B85B39 /* Build configuration list for PBXNativeTarget "MyLibraryTests" */;
			buildPhases = (
				69F0554628CF6FE700B85B39 /* Sources */,
				69F0554728CF6FE700B85B39 /* Frameworks */,
				69F0554828CF6FE700B85B39 /* Resources */,
			);
			buildRules = (
			);
			dependencies = (
				69F0555028CF6FE700B85B39 /* PBXTargetDependency */,
			);
			name = MyLibraryTests;
			productName = MyLibraryTests;
			productReference = 69F0554A28CF6FE700B85B39 /* MyLibraryTests.xctest */;
			productType = "com.apple.product-type.bundle.unit-test";
		};
		69F0555728CF70AE00B85B39 /* MyLibraryUITests */ = {
			isa = PBXNativeTarget;
			buildConfigurationList = 69F0556028CF70AE00B85B39 /* Build configuration list for PBXNativeTarget "MyLibraryUITests" */;
			buildPhases = (
				69F0555428CF70AE00B85B39 /* Sources */,
				69F0555528CF70AE00B85B39 /* Frameworks */,
				69F0555628CF70AE00B85B39 /* Resources */,
			);
			buildRules = (
			);
			dependencies = (
				69F0555F28CF70AE00B85B39 /* PBXTargetDependency */,
			);
			name = MyLibraryUITests;
			productName = MyLibraryUITests;
			productReference = 69F0555828CF70AE00B85B39 /* MyLibraryUITests.xctest */;
			productType = "com.apple.product-type.bundle.ui-testing";
		};
/* End PBXNativeTarget section */

/* Begin PBXProject section */
		69F054F828CF6AAA00B85B39 /* Project object */ = {
			isa = PBXProject;
			attributes = {
				BuildIndependentTargetsInParallel = 1;
				LastSwiftUpdateCheck = 1340;
				LastUpgradeCheck = 1340;
				TargetAttributes = {
					69F0552328CF6CFD00B85B39 = {
						CreatedOnToolsVersion = 13.4.1;
					};
					69F0552F28CF6EA500B85B39 = {
						CreatedOnToolsVersion = 13.4.1;
					};
					69F0554928CF6FE700B85B39 = {
						CreatedOnToolsVersion = 13.4.1;
					};
					69F0555728CF70AE00B85B39 = {
						CreatedOnToolsVersion = 13.4.1;
						TestTargetID = 69F0552F28CF6EA500B85B39;
					};
				};
			};
			buildConfigurationList = 69F054FB28CF6AAA00B85B39 /* Build configuration list for PBXProject "MyLibrary" */;
			compatibilityVersion = "Xcode 13.0";
			developmentRegion = en;
			hasScannedForEncodings = 0;
			knownRegions = (
				en,
				Base,
			);
			mainGroup = 69F054F728CF6AAA00B85B39;
			productRefGroup = 69F0550128CF6AAA00B85B39 /* Products */;
			projectDirPath = "";
			projectRoot = "";
			targets = (
				69F0552328CF6CFD00B85B39 /* MyLibrary */,
				69F0552F28CF6EA500B85B39 /* MyLibrarySampleApp */,
				69F0554928CF6FE700B85B39 /* MyLibraryTests */,
				69F0555728CF70AE00B85B39 /* MyLibraryUITests */,
			);
		};
/* End PBXProject section */

/* Begin PBXResourcesBuildPhase section */
		69F0552228CF6CFD00B85B39 /* Resources */ = {
			isa = PBXResourcesBuildPhase;
			buildActionMask = 2147483647;
			files = (
			);
			runOnlyForDeploymentPostprocessing = 0;
		};
		69F0552E28CF6EA500B85B39 /* Resources */ = {
			isa = PBXResourcesBuildPhase;
			buildActionMask = 2147483647;
			files = (
				69F0553F28CF6EA700B85B39 /* LaunchScreen.storyboard in Resources */,
				69F0553C28CF6EA700B85B39 /* Assets.xcassets in Resources */,
			);
			runOnlyForDeploymentPostprocessing = 0;
		};
		69F0554828CF6FE700B85B39 /* Resources */ = {
			isa = PBXResourcesBuildPhase;
			buildActionMask = 2147483647;
			files = (
			);
			runOnlyForDeploymentPostprocessing = 0;
		};
		69F0555628CF70AE00B85B39 /* Resources */ = {
			isa = PBXResourcesBuildPhase;
			buildActionMask = 2147483647;
			files = (
			);
			runOnlyForDeploymentPostprocessing = 0;
		};
/* End PBXResourcesBuildPhase section */

/* Begin PBXSourcesBuildPhase section */
		69F0552028CF6CFD00B85B39 /* Sources */ = {
			isa = PBXSourcesBuildPhase;
			buildActionMask = 2147483647;
			files = (
				69F0552B28CF6DDA00B85B39 /* MyLibrary.swift in Sources */,
			);
			runOnlyForDeploymentPostprocessing = 0;
		};
		69F0552C28CF6EA500B85B39 /* Sources */ = {
			isa = PBXSourcesBuildPhase;
			buildActionMask = 2147483647;
			files = (
				69F0553328CF6EA500B85B39 /* AppDelegate.swift in Sources */,
			);
			runOnlyForDeploymentPostprocessing = 0;
		};
		69F0554628CF6FE700B85B39 /* Sources */ = {
			isa = PBXSourcesBuildPhase;
			buildActionMask = 2147483647;
			files = (
				69F0554D28CF6FE700B85B39 /* MyLibraryTests.swift in Sources */,
			);
			runOnlyForDeploymentPostprocessing = 0;
		};
		69F0555428CF70AE00B85B39 /* Sources */ = {
			isa = PBXSourcesBuildPhase;
			buildActionMask = 2147483647;
			files = (
				69F0555D28CF70AE00B85B39 /* MyLibraryUITestsLaunchTests.swift in Sources */,
				69F0555B28CF70AE00B85B39 /* MyLibraryUITests.swift in Sources */,
			);
			runOnlyForDeploymentPostprocessing = 0;
		};
/* End PBXSourcesBuildPhase section */

/* Begin PBXTargetDependency section */
		69F0555028CF6FE700B85B39 /* PBXTargetDependency */ = {
			isa = PBXTargetDependency;
			platformFilter = ios;
			target = 69F0552328CF6CFD00B85B39 /* MyLibrary */;
			targetProxy = 69F0554F28CF6FE700B85B39 /* PBXContainerItemProxy */;
		};
		69F0555F28CF70AE00B85B39 /* PBXTargetDependency */ = {
			isa = PBXTargetDependency;
			target = 69F0552F28CF6EA500B85B39 /* MyLibrarySampleApp */;
			targetProxy = 69F0555E28CF70AE00B85B39 /* PBXContainerItemProxy */;
		};
/* End PBXTargetDependency section */

/* Begin PBXVariantGroup section */
		69F0553D28CF6EA700B85B39 /* LaunchScreen.storyboard */ = {
			isa = PBXVariantGroup;
			children = (
				69F0553E28CF6EA700B85B39 /* Base */,
			);
			name = LaunchScreen.storyboard;
			sourceTree = "<group>";
		};
/* End PBXVariantGroup section */

/* Begin XCBuildConfiguration section */
		69F0551228CF6AAB00B85B39 /* Debug */ = {
			isa = XCBuildConfiguration;
			buildSettings = {
				ALWAYS_SEARCH_USER_PATHS = NO;
				CLANG_ANALYZER_NONNULL = YES;
				CLANG_ANALYZER_NUMBER_OBJECT_CONVERSION = YES_AGGRESSIVE;
				CLANG_CXX_LANGUAGE_STANDARD = "gnu++17";
				CLANG_ENABLE_MODULES = YES;
				CLANG_ENABLE_OBJC_ARC = YES;
				CLANG_ENABLE_OBJC_WEAK = YES;
				CLANG_WARN_BLOCK_CAPTURE_AUTORELEASING = YES;
				CLANG_WARN_BOOL_CONVERSION = YES;
				CLANG_WARN_COMMA = YES;
				CLANG_WARN_CONSTANT_CONVERSION = YES;
				CLANG_WARN_DEPRECATED_OBJC_IMPLEMENTATIONS = YES;
				CLANG_WARN_DIRECT_OBJC_ISA_USAGE = YES_ERROR;
				CLANG_WARN_DOCUMENTATION_COMMENTS = YES;
				CLANG_WARN_EMPTY_BODY = YES;
				CLANG_WARN_ENUM_CONVERSION = YES;
				CLANG_WARN_INFINITE_RECURSION = YES;
				CLANG_WARN_INT_CONVERSION = YES;
				CLANG_WARN_NON_LITERAL_NULL_CONVERSION = YES;
				CLANG_WARN_OBJC_IMPLICIT_RETAIN_SELF = YES;
				CLANG_WARN_OBJC_LITERAL_CONVERSION = YES;
				CLANG_WARN_OBJC_ROOT_CLASS = YES_ERROR;
				CLANG_WARN_QUOTED_INCLUDE_IN_FRAMEWORK_HEADER = YES;
				CLANG_WARN_RANGE_LOOP_ANALYSIS = YES;
				CLANG_WARN_STRICT_PROTOTYPES = YES;
				CLANG_WARN_SUSPICIOUS_MOVE = YES;
				CLANG_WARN_UNGUARDED_AVAILABILITY = YES_AGGRESSIVE;
				CLANG_WARN_UNREACHABLE_CODE = YES;
				CLANG_WARN__DUPLICATE_METHOD_MATCH = YES;
				COPY_PHASE_STRIP = NO;
				DEBUG_INFORMATION_FORMAT = dwarf;
				ENABLE_STRICT_OBJC_MSGSEND = YES;
				ENABLE_TESTABILITY = YES;
				GCC_C_LANGUAGE_STANDARD = gnu11;
				GCC_DYNAMIC_NO_PIC = NO;
				GCC_NO_COMMON_BLOCKS = YES;
				GCC_OPTIMIZATION_LEVEL = 0;
				GCC_PREPROCESSOR_DEFINITIONS = (
					"DEBUG=1",
					"$(inherited)",
				);
				GCC_WARN_64_TO_32_BIT_CONVERSION = YES;
				GCC_WARN_ABOUT_RETURN_TYPE = YES_ERROR;
				GCC_WARN_UNDECLARED_SELECTOR = YES;
				GCC_WARN_UNINITIALIZED_AUTOS = YES_AGGRESSIVE;
				GCC_WARN_UNUSED_FUNCTION = YES;
				GCC_WARN_UNUSED_VARIABLE = YES;
				IPHONEOS_DEPLOYMENT_TARGET = 12.0;
				MTL_ENABLE_DEBUG_INFO = INCLUDE_SOURCE;
				MTL_FAST_MATH = YES;
				ONLY_ACTIVE_ARCH = YES;
				SDKROOT = iphoneos;
				SWIFT_ACTIVE_COMPILATION_CONDITIONS = DEBUG;
				SWIFT_OPTIMIZATION_LEVEL = "-Onone";
			};
			name = Debug;
		};
		69F0551328CF6AAB00B85B39 /* Release */ = {
			isa = XCBuildConfiguration;
			buildSettings = {
				ALWAYS_SEARCH_USER_PATHS = NO;
				CLANG_ANALYZER_NONNULL = YES;
				CLANG_ANALYZER_NUMBER_OBJECT_CONVERSION = YES_AGGRESSIVE;
				CLANG_CXX_LANGUAGE_STANDARD = "gnu++17";
				CLANG_ENABLE_MODULES = YES;
				CLANG_ENABLE_OBJC_ARC = YES;
				CLANG_ENABLE_OBJC_WEAK = YES;
				CLANG_WARN_BLOCK_CAPTURE_AUTORELEASING = YES;
				CLANG_WARN_BOOL_CONVERSION = YES;
				CLANG_WARN_COMMA = YES;
				CLANG_WARN_CONSTANT_CONVERSION = YES;
				CLANG_WARN_DEPRECATED_OBJC_IMPLEMENTATIONS = YES;
				CLANG_WARN_DIRECT_OBJC_ISA_USAGE = YES_ERROR;
				CLANG_WARN_DOCUMENTATION_COMMENTS = YES;
				CLANG_WARN_EMPTY_BODY = YES;
				CLANG_WARN_ENUM_CONVERSION = YES;
				CLANG_WARN_INFINITE_RECURSION = YES;
				CLANG_WARN_INT_CONVERSION = YES;
				CLANG_WARN_NON_LITERAL_NULL_CONVERSION = YES;
				CLANG_WARN_OBJC_IMPLICIT_RETAIN_SELF = YES;
				CLANG_WARN_OBJC_LITERAL_CONVERSION = YES;
				CLANG_WARN_OBJC_ROOT_CLASS = YES_ERROR;
				CLANG_WARN_QUOTED_INCLUDE_IN_FRAMEWORK_HEADER = YES;
				CLANG_WARN_RANGE_LOOP_ANALYSIS = YES;
				CLANG_WARN_STRICT_PROTOTYPES = YES;
				CLANG_WARN_SUSPICIOUS_MOVE = YES;
				CLANG_WARN_UNGUARDED_AVAILABILITY = YES_AGGRESSIVE;
				CLANG_WARN_UNREACHABLE_CODE = YES;
				CLANG_WARN__DUPLICATE_METHOD_MATCH = YES;
				COPY_PHASE_STRIP = NO;
				DEBUG_INFORMATION_FORMAT = "dwarf-with-dsym";
				ENABLE_NS_ASSERTIONS = NO;
				ENABLE_STRICT_OBJC_MSGSEND = YES;
				GCC_C_LANGUAGE_STANDARD = gnu11;
				GCC_NO_COMMON_BLOCKS = YES;
				GCC_WARN_64_TO_32_BIT_CONVERSION = YES;
				GCC_WARN_ABOUT_RETURN_TYPE = YES_ERROR;
				GCC_WARN_UNDECLARED_SELECTOR = YES;
				GCC_WARN_UNINITIALIZED_AUTOS = YES_AGGRESSIVE;
				GCC_WARN_UNUSED_FUNCTION = YES;
				GCC_WARN_UNUSED_VARIABLE = YES;
				IPHONEOS_DEPLOYMENT_TARGET = 12.0;
				MTL_ENABLE_DEBUG_INFO = NO;
				MTL_FAST_MATH = YES;
				SDKROOT = iphoneos;
				SWIFT_COMPILATION_MODE = wholemodule;
				SWIFT_OPTIMIZATION_LEVEL = "-O";
				VALIDATE_PRODUCT = YES;
			};
			name = Release;
		};
		69F0552928CF6CFD00B85B39 /* Debug */ = {
			isa = XCBuildConfiguration;
			buildSettings = {
				CODE_SIGN_STYLE = Automatic;
				CURRENT_PROJECT_VERSION = 1;
				DEFINES_MODULE = YES;
				DYLIB_COMPATIBILITY_VERSION = 1;
				DYLIB_CURRENT_VERSION = 1;
				DYLIB_INSTALL_NAME_BASE = "@rpath";
				GENERATE_INFOPLIST_FILE = YES;
				INFOPLIST_KEY_NSHumanReadableCopyright = "";
				INSTALL_PATH = "$(LOCAL_LIBRARY_DIR)/Frameworks";
				IPHONEOS_DEPLOYMENT_TARGET = 12.0;
				LD_RUNPATH_SEARCH_PATHS = (
					"$(inherited)",
					"@executable_path/Frameworks",
					"@loader_path/Frameworks",
				);
				MARKETING_VERSION = 1.0;
				PRODUCT_BUNDLE_IDENTIFIER = com.chipbk10.MyLibrary;
				PRODUCT_NAME = "$(TARGET_NAME:c99extidentifier)";
				SKIP_INSTALL = YES;
				SUPPORTS_MACCATALYST = NO;
				SWIFT_EMIT_LOC_STRINGS = YES;
				SWIFT_VERSION = 5.0;
				TARGETED_DEVICE_FAMILY = "1,2";
				VERSIONING_SYSTEM = "apple-generic";
				VERSION_INFO_PREFIX = "";
			};
			name = Debug;
		};
		69F0552A28CF6CFD00B85B39 /* Release */ = {
			isa = XCBuildConfiguration;
			buildSettings = {
				CODE_SIGN_STYLE = Automatic;
				CURRENT_PROJECT_VERSION = 1;
				DEFINES_MODULE = YES;
				DYLIB_COMPATIBILITY_VERSION = 1;
				DYLIB_CURRENT_VERSION = 1;
				DYLIB_INSTALL_NAME_BASE = "@rpath";
				GENERATE_INFOPLIST_FILE = YES;
				INFOPLIST_KEY_NSHumanReadableCopyright = "";
				INSTALL_PATH = "$(LOCAL_LIBRARY_DIR)/Frameworks";
				IPHONEOS_DEPLOYMENT_TARGET = 12.0;
				LD_RUNPATH_SEARCH_PATHS = (
					"$(inherited)",
					"@executable_path/Frameworks",
					"@loader_path/Frameworks",
				);
				MARKETING_VERSION = 1.0;
				PRODUCT_BUNDLE_IDENTIFIER = com.chipbk10.MyLibrary;
				PRODUCT_NAME = "$(TARGET_NAME:c99extidentifier)";
				SKIP_INSTALL = YES;
				SUPPORTS_MACCATALYST = NO;
				SWIFT_EMIT_LOC_STRINGS = YES;
				SWIFT_VERSION = 5.0;
				TARGETED_DEVICE_FAMILY = "1,2";
				VERSIONING_SYSTEM = "apple-generic";
				VERSION_INFO_PREFIX = "";
			};
			name = Release;
		};
		69F0554228CF6EA700B85B39 /* Debug */ = {
			isa = XCBuildConfiguration;
			buildSettings = {
				ASSETCATALOG_COMPILER_APPICON_NAME = AppIcon;
				ASSETCATALOG_COMPILER_GLOBAL_ACCENT_COLOR_NAME = AccentColor;
				CODE_SIGN_STYLE = Automatic;
				CURRENT_PROJECT_VERSION = 1;
				GENERATE_INFOPLIST_FILE = YES;
				INFOPLIST_FILE = MyLibrarySampleApp/Info.plist;
				INFOPLIST_KEY_UIApplicationSupportsIndirectInputEvents = YES;
				INFOPLIST_KEY_UILaunchStoryboardName = LaunchScreen;
				INFOPLIST_KEY_UISupportedInterfaceOrientations_iPad = "UIInterfaceOrientationPortrait UIInterfaceOrientationPortraitUpsideDown UIInterfaceOrientationLandscapeLeft UIInterfaceOrientationLandscapeRight";
				INFOPLIST_KEY_UISupportedInterfaceOrientations_iPhone = "UIInterfaceOrientationPortrait UIInterfaceOrientationLandscapeLeft UIInterfaceOrientationLandscapeRight";
				IPHONEOS_DEPLOYMENT_TARGET = 12.0;
				LD_RUNPATH_SEARCH_PATHS = (
					"$(inherited)",
					"@executable_path/Frameworks",
				);
				MARKETING_VERSION = 1.0;
				PRODUCT_BUNDLE_IDENTIFIER = com.chipbk10.MyLibrarySampleApp;
				PRODUCT_NAME = "$(TARGET_NAME)";
				SWIFT_EMIT_LOC_STRINGS = YES;
				SWIFT_VERSION = 5.0;
				TARGETED_DEVICE_FAMILY = "1,2";
			};
			name = Debug;
		};
		69F0554328CF6EA700B85B39 /* Release */ = {
			isa = XCBuildConfiguration;
			buildSettings = {
				ASSETCATALOG_COMPILER_APPICON_NAME = AppIcon;
				ASSETCATALOG_COMPILER_GLOBAL_ACCENT_COLOR_NAME = AccentColor;
				CODE_SIGN_STYLE = Automatic;
				CURRENT_PROJECT_VERSION = 1;
				GENERATE_INFOPLIST_FILE = YES;
				INFOPLIST_FILE = MyLibrarySampleApp/Info.plist;
				INFOPLIST_KEY_UIApplicationSupportsIndirectInputEvents = YES;
				INFOPLIST_KEY_UILaunchStoryboardName = LaunchScreen;
				INFOPLIST_KEY_UISupportedInterfaceOrientations_iPad = "UIInterfaceOrientationPortrait UIInterfaceOrientationPortraitUpsideDown UIInterfaceOrientationLandscapeLeft UIInterfaceOrientationLandscapeRight";
				INFOPLIST_KEY_UISupportedInterfaceOrientations_iPhone = "UIInterfaceOrientationPortrait UIInterfaceOrientationLandscapeLeft UIInterfaceOrientationLandscapeRight";
				IPHONEOS_DEPLOYMENT_TARGET = 12.0;
				LD_RUNPATH_SEARCH_PATHS = (
					"$(inherited)",
					"@executable_path/Frameworks",
				);
				MARKETING_VERSION = 1.0;
				PRODUCT_BUNDLE_IDENTIFIER = com.chipbk10.MyLibrarySampleApp;
				PRODUCT_NAME = "$(TARGET_NAME)";
				SWIFT_EMIT_LOC_STRINGS = YES;
				SWIFT_VERSION = 5.0;
				TARGETED_DEVICE_FAMILY = "1,2";
			};
			name = Release;
		};
		69F0555228CF6FE700B85B39 /* Debug */ = {
			isa = XCBuildConfiguration;
			buildSettings = {
				CODE_SIGN_STYLE = Automatic;
				CURRENT_PROJECT_VERSION = 1;
				GENERATE_INFOPLIST_FILE = YES;
				IPHONEOS_DEPLOYMENT_TARGET = 15.5;
				MARKETING_VERSION = 1.0;
				PRODUCT_BUNDLE_IDENTIFIER = com.chipbk10.MyLibraryTests;
				PRODUCT_NAME = "$(TARGET_NAME)";
				SWIFT_EMIT_LOC_STRINGS = NO;
				SWIFT_VERSION = 5.0;
				TARGETED_DEVICE_FAMILY = "1,2";
			};
			name = Debug;
		};
		69F0555328CF6FE700B85B39 /* Release */ = {
			isa = XCBuildConfiguration;
			buildSettings = {
				CODE_SIGN_STYLE = Automatic;
				CURRENT_PROJECT_VERSION = 1;
				GENERATE_INFOPLIST_FILE = YES;
				IPHONEOS_DEPLOYMENT_TARGET = 15.5;
				MARKETING_VERSION = 1.0;
				PRODUCT_BUNDLE_IDENTIFIER = com.chipbk10.MyLibraryTests;
				PRODUCT_NAME = "$(TARGET_NAME)";
				SWIFT_EMIT_LOC_STRINGS = NO;
				SWIFT_VERSION = 5.0;
				TARGETED_DEVICE_FAMILY = "1,2";
			};
			name = Release;
		};
		69F0556128CF70AE00B85B39 /* Debug */ = {
			isa = XCBuildConfiguration;
			buildSettings = {
				CODE_SIGN_STYLE = Automatic;
				CURRENT_PROJECT_VERSION = 1;
				GENERATE_INFOPLIST_FILE = YES;
				IPHONEOS_DEPLOYMENT_TARGET = 15.5;
				MARKETING_VERSION = 1.0;
				PRODUCT_BUNDLE_IDENTIFIER = com.chipbk10.MyLibraryUITests;
				PRODUCT_NAME = "$(TARGET_NAME)";
				SWIFT_EMIT_LOC_STRINGS = NO;
				SWIFT_VERSION = 5.0;
				TARGETED_DEVICE_FAMILY = "1,2";
				TEST_TARGET_NAME = MyLibrarySampleApp;
			};
			name = Debug;
		};
		69F0556228CF70AE00B85B39 /* Release */ = {
			isa = XCBuildConfiguration;
			buildSettings = {
				CODE_SIGN_STYLE = Automatic;
				CURRENT_PROJECT_VERSION = 1;
				GENERATE_INFOPLIST_FILE = YES;
				IPHONEOS_DEPLOYMENT_TARGET = 15.5;
				MARKETING_VERSION = 1.0;
				PRODUCT_BUNDLE_IDENTIFIER = com.chipbk10.MyLibraryUITests;
				PRODUCT_NAME = "$(TARGET_NAME)";
				SWIFT_EMIT_LOC_STRINGS = NO;
				SWIFT_VERSION = 5.0;
				TARGETED_DEVICE_FAMILY = "1,2";
				TEST_TARGET_NAME = MyLibrarySampleApp;
			};
			name = Release;
		};
/* End XCBuildConfiguration section */

/* Begin XCConfigurationList section */
		69F054FB28CF6AAA00B85B39 /* Build configuration list for PBXProject "MyLibrary" */ = {
			isa = XCConfigurationList;
			buildConfigurations = (
				69F0551228CF6AAB00B85B39 /* Debug */,
				69F0551328CF6AAB00B85B39 /* Release */,
			);
			defaultConfigurationIsVisible = 0;
			defaultConfigurationName = Release;
		};
		69F0552828CF6CFD00B85B39 /* Build configuration list for PBXNativeTarget "MyLibrary" */ = {
			isa = XCConfigurationList;
			buildConfigurations = (
				69F0552928CF6CFD00B85B39 /* Debug */,
				69F0552A28CF6CFD00B85B39 /* Release */,
			);
			defaultConfigurationIsVisible = 0;
			defaultConfigurationName = Release;
		};
		69F0554128CF6EA700B85B39 /* Build configuration list for PBXNativeTarget "MyLibrarySampleApp" */ = {
			isa = XCConfigurationList;
			buildConfigurations = (
				69F0554228CF6EA700B85B39 /* Debug */,
				69F0554328CF6EA700B85B39 /* Release */,
			);
			defaultConfigurationIsVisible = 0;
			defaultConfigurationName = Release;
		};
		69F0555128CF6FE700B85B39 /* Build configuration list for PBXNativeTarget "MyLibraryTests" */ = {
			isa = XCConfigurationList;
			buildConfigurations = (
				69F0555228CF6FE700B85B39 /* Debug */,
				69F0555328CF6FE700B85B39 /* Release */,
			);
			defaultConfigurationIsVisible = 0;
			defaultConfigurationName = Release;
		};
		69F0556028CF70AE00B85B39 /* Build configuration list for PBXNativeTarget "MyLibraryUITests" */ = {
			isa = XCConfigurationList;
			buildConfigurations = (
				69F0556128CF70AE00B85B39 /* Debug */,
				69F0556228CF70AE00B85B39 /* Release */,
			);
			defaultConfigurationIsVisible = 0;
			defaultConfigurationName = Release;
		};
/* End XCConfigurationList section */
	};
	rootObject = 69F054F828CF6AAA00B85B39 /* Project object */;
}
